
Microsoft Visual Studio Solution File, Format Version 12.00
# Visual Studio Version 16
VisualStudioVersion = 16.0.30907.101
MinimumVisualStudioVersion = 10.0.40219.1
Project("{FAE04EC0-301F-11D3-BF4B-00C04F79EFBC}") = "ConsoleApp1", "ConsoleApp1\ConsoleApp1.csproj", "{BF7708E8-97E2-4BB7-9EE3-91E1387F2974}"
EndProject
Project("{9A19103F-16F7-4668-BE54-9A1E7A4F7556}") = "Eruru.ReaderWriterLockHelper", "Eruru.ReaderWriterLockHelper\Eruru.ReaderWriterLockHelper.csproj", "{FAF2832C-109C-4D9A-A6DC-9872763B7CB7}"
EndProject
Project("{FAE04EC0-301F-11D3-BF4B-00C04F79EFBC}") = "UnitTestProject1", "UnitTestProject1\UnitTestProject1.csproj", "{7EFDAE29-7AC9-4F83-B419-216EF089A503}"
EndProject
Global
	GlobalSection(SolutionConfigurationPlatforms) = preSolution
		Debug|Any CPU = Debug|Any CPU
		Debug|x86 = Debug|x86
		Release|Any CPU = Release|Any CPU
		Release|x86 = Release|x86
	EndGlobalSection
	GlobalSection(ProjectConfigurationPlatforms) = postSolution
		{BF7708E8-97E2-4BB7-9EE3-91E1387F2974}.Debug|Any CPU.ActiveCfg = Debug|Any CPU
		{BF7708E8-97E2-4BB7-9EE3-91E1387F2974}.Debug|Any CPU.Build.0 = Debug|Any CPU
		{BF7708E8-97E2-4BB7-9EE3-91E1387F2974}.Debug|x86.ActiveCfg = Debug|Any CPU
		{BF7708E8-97E2-4BB7-9EE3-91E1387F2974}.Debug|x86.Build.0 = Debug|Any CPU
		{BF7708E8-97E2-4BB7-9EE3-91E1387F2974}.Release|Any CPU.ActiveCfg = Release|Any CPU
		{BF7708E8-97E2-4BB7-9EE3-91E1387F2974}.Release|Any CPU.Build.0 = Release|Any CPU
		{BF7708E8-97E2-4BB7-9EE3-91E1387F2974}.Release|x86.ActiveCfg = Release|Any CPU
		{BF7708E8-97E2-4BB7-9EE3-91E1387F2974}.Release|x86.Build.0 = Release|Any CPU
		{FAF2832C-109C-4D9A-A6DC-9872763B7CB7}.Debug|Any CPU.ActiveCfg = Debug|Any CPU
		{FAF2832C-109C-4D9A-A6DC-9872763B7CB7}.Debug|Any CPU.Build.0 = Debug|Any CPU
		{FAF2832C-109C-4D9A-A6DC-9872763B7CB7}.Debug|x86.ActiveCfg = Debug|Any CPU
		{FAF2832C-109C-4D9A-A6DC-9872763B7CB7}.Debug|x86.Build.0 = Debug|Any CPU
		{FAF2832C-109C-4D9A-A6DC-9872763B7CB7}.Release|Any CPU.ActiveCfg = Release|Any CPU
		{FAF2832C-109C-4D9A-A6DC-9872763B7CB7}.Release|Any CPU.Build.0 = Release|Any CPU
		{FAF2832C-109C-4D9A-A6DC-9872763B7CB7}.Release|x86.ActiveCfg = Release|Any CPU
		{FAF2832C-109C-4D9A-A6DC-9872763B7CB7}.Release|x86.Build.0 = Release|Any CPU
		{7EFDAE29-7AC9-4F83-B419-216EF089A503}.Debug|Any CPU.ActiveCfg = Debug|Any CPU
		{7EFDAE29-7AC9-4F83-B419-216EF089A503}.Debug|Any CPU.Build.0 = Debug|Any CPU
		{7EFDAE29-7AC9-4F83-B419-216EF089A503}.Debug|x86.ActiveCfg = Debug|Any CPU
		{7EFDAE29-7AC9-4F83-B419-216EF089A503}.Debug|x86.Build.0 = Debug|Any CPU
		{7EFDAE29-7AC9-4F83-B419-216EF089A503}.Release|Any CPU.ActiveCfg = Release|Any CPU
		{7EFDAE29-7AC9-4F83-B419-216EF089A503}.Release|Any CPU.Build.0 = Release|Any CPU
		{7EFDAE29-7AC9-4F83-B419-216EF089A503}.Release|x86.ActiveCfg = Release|Any CPU
		{7EFDAE29-7AC9-4F83-B419-216EF089A503}.Release|x86.Build.0 = Release|Any CPU
	EndGlobalSection
	GlobalSection(SolutionProperties) = preSolution
		HideSolutionNode = FALSE
	EndGlobalSection
	GlobalSection(ExtensibilityGlobals) = postSolution
		SolutionGuid = {D80DAE74-C83F-4BFC-8F08-6AE520F122C0}
	EndGlobalSection
EndGlobal
